
Microsoft Visual Studio Solution File, Format Version 12.00
# Visual Studio 15
VisualStudioVersion = 15.0.28307.645
MinimumVisualStudioVersion = 10.0.40219.1
Project("{FAE04EC0-301F-11D3-BF4B-00C04F79EFBC}") = "ClientAcenda", "ClientAcenda\ClientAcenda.csproj", "{39FCDE6C-C26B-4C7F-B55E-505C97F7AD95}"
EndProject
Project("{FAE04EC0-301F-11D3-BF4B-00C04F79EFBC}") = "AcendaSDK", "AcendaSDK\AcendaSDK.csproj", "{19B36511-D64E-478B-991B-9D2D1CC49C0F}"
EndProject
Global
	GlobalSection(SolutionConfigurationPlatforms) = preSolution
		Debug|Any CPU = Debug|Any CPU
		Release|Any CPU = Release|Any CPU
	EndGlobalSection
	GlobalSection(ProjectConfigurationPlatforms) = postSolution
		{39FCDE6C-C26B-4C7F-B55E-505C97F7AD95}.Debug|Any CPU.ActiveCfg = Debug|Any CPU
		{39FCDE6C-C26B-4C7F-B55E-505C97F7AD95}.Debug|Any CPU.Build.0 = Debug|Any CPU
		{39FCDE6C-C26B-4C7F-B55E-505C97F7AD95}.Release|Any CPU.ActiveCfg = Release|Any CPU
		{39FCDE6C-C26B-4C7F-B55E-505C97F7AD95}.Release|Any CPU.Build.0 = Release|Any CPU
		{19B36511-D64E-478B-991B-9D2D1CC49C0F}.Debug|Any CPU.ActiveCfg = Debug|Any CPU
		{19B36511-D64E-478B-991B-9D2D1CC49C0F}.Debug|Any CPU.Build.0 = Debug|Any CPU
		{19B36511-D64E-478B-991B-9D2D1CC49C0F}.Release|Any CPU.ActiveCfg = Release|Any CPU
		{19B36511-D64E-478B-991B-9D2D1CC49C0F}.Release|Any CPU.Build.0 = Release|Any CPU
	EndGlobalSection
	GlobalSection(SolutionProperties) = preSolution
		HideSolutionNode = FALSE
	EndGlobalSection
	GlobalSection(ExtensibilityGlobals) = postSolution
		SolutionGuid = {50FD8786-956C-4DFC-9BEA-165288BBFB60}
	EndGlobalSection
EndGlobal
