
Microsoft Visual Studio Solution File, Format Version 12.00
# Visual Studio Version 16
VisualStudioVersion = 16.0.809.7
MinimumVisualStudioVersion = 10.0.40219.1
Project("{FAE04EC0-301F-11D3-BF4B-00C04F79EFBC}") = "ClientAcenda", "ClientAcenda.csproj", "{39FCDE6C-C26B-4C7F-B55E-505C97F7AD95}"
EndProject
Global
	GlobalSection(SolutionConfigurationPlatforms) = preSolution
		Debug|Any CPU = Debug|Any CPU
		Release|Any CPU = Release|Any CPU
	EndGlobalSection
	GlobalSection(ProjectConfigurationPlatforms) = postSolution
		{39FCDE6C-C26B-4C7F-B55E-505C97F7AD95}.Debug|Any CPU.ActiveCfg = Debug|Any CPU
		{39FCDE6C-C26B-4C7F-B55E-505C97F7AD95}.Debug|Any CPU.Build.0 = Debug|Any CPU
		{39FCDE6C-C26B-4C7F-B55E-505C97F7AD95}.Release|Any CPU.ActiveCfg = Release|Any CPU
		{39FCDE6C-C26B-4C7F-B55E-505C97F7AD95}.Release|Any CPU.Build.0 = Release|Any CPU
	EndGlobalSection
	GlobalSection(SolutionProperties) = preSolution
		HideSolutionNode = FALSE
	EndGlobalSection
	GlobalSection(ExtensibilityGlobals) = postSolution
		SolutionGuid = {EDF4886D-09F1-4FAC-BB03-F11B3EBE4A1D}
	EndGlobalSection
EndGlobal
